
Microsoft Visual Studio Solution File, Format Version 12.00
# Visual Studio Version 17
VisualStudioVersion = 17.14.36202.13
MinimumVisualStudioVersion = 10.0.40219.1
Project("{FAE04EC0-301F-11D3-BF4B-00C04F79EFBC}") = "AIAssistant", "AIAssistant.csproj", "{9515164E-C96B-4EA9-8240-EF975F2DE5F7}"
EndProject
Global
	GlobalSection(SolutionConfigurationPlatforms) = preSolution
		Debug|Any CPU = Debug|Any CPU
		Release|Any CPU = Release|Any CPU
	EndGlobalSection
	GlobalSection(ProjectConfigurationPlatforms) = postSolution
		{9515164E-C96B-4EA9-8240-EF975F2DE5F7}.Debug|Any CPU.ActiveCfg = Debug|Any CPU
		{9515164E-C96B-4EA9-8240-EF975F2DE5F7}.Debug|Any CPU.Build.0 = Debug|Any CPU
		{9515164E-C96B-4EA9-8240-EF975F2DE5F7}.Release|Any CPU.ActiveCfg = Release|Any CPU
		{9515164E-C96B-4EA9-8240-EF975F2DE5F7}.Release|Any CPU.Build.0 = Release|Any CPU
	EndGlobalSection
	GlobalSection(SolutionProperties) = preSolution
		HideSolutionNode = FALSE
	EndGlobalSection
	GlobalSection(ExtensibilityGlobals) = postSolution
		SolutionGuid = {3B87117B-DD63-49E6-9A11-8CE8D2025391}
	EndGlobalSection
EndGlobal
